
Microsoft Visual Studio Solution File, Format Version 12.00
# Visual Studio Version 16
VisualStudioVersion = 16.0.31829.152
MinimumVisualStudioVersion = 10.0.40219.1
Project("{FAE04EC0-301F-11D3-BF4B-00C04F79EFBC}") = "BT-BuildingsAPI", "BT-BuildingsAPI\BT-BuildingsAPI.csproj", "{58336143-AC2F-47C0-81AE-ABBB39857390}"
EndProject
Project("{FAE04EC0-301F-11D3-BF4B-00C04F79EFBC}") = "BT-BuildingsDAL", "BT-BuildingsDAL\BT-BuildingsDAL.csproj", "{14A2BEF6-640F-4E37-BB28-30E3A0875343}"
EndProject
Project("{FAE04EC0-301F-11D3-BF4B-00C04F79EFBC}") = "BT-BuildingsMODELS", "BT-BuildingsMODELS\BT-BuildingsMODELS.csproj", "{C8A635C5-A607-46CF-ACED-829717F37C4F}"
EndProject
Project("{FAE04EC0-301F-11D3-BF4B-00C04F79EFBC}") = "BT-BuildingsBL", "BT-BuildingsBL\BT-BuildingsBL.csproj", "{E1F1A595-3350-4779-9491-6641D7E170A9}"
EndProject
Project("{FAE04EC0-301F-11D3-BF4B-00C04F79EFBC}") = "BT-BuildingsSHARED", "BT-BuildingsSHARED\BT-BuildingsSHARED.csproj", "{85441D98-F798-4921-B8A7-BB39F4BB67E4}"
EndProject
Project("{FAE04EC0-301F-11D3-BF4B-00C04F79EFBC}") = "BT-BuildingsTESTS", "BT-BuildingsTESTS\BT-BuildingsTESTS.csproj", "{430EDDD5-25F8-48B7-990A-F10016817A1A}"
EndProject
Global
	GlobalSection(SolutionConfigurationPlatforms) = preSolution
		Debug|Any CPU = Debug|Any CPU
		Release|Any CPU = Release|Any CPU
	EndGlobalSection
	GlobalSection(ProjectConfigurationPlatforms) = postSolution
		{58336143-AC2F-47C0-81AE-ABBB39857390}.Debug|Any CPU.ActiveCfg = Debug|Any CPU
		{58336143-AC2F-47C0-81AE-ABBB39857390}.Debug|Any CPU.Build.0 = Debug|Any CPU
		{58336143-AC2F-47C0-81AE-ABBB39857390}.Release|Any CPU.ActiveCfg = Release|Any CPU
		{58336143-AC2F-47C0-81AE-ABBB39857390}.Release|Any CPU.Build.0 = Release|Any CPU
		{14A2BEF6-640F-4E37-BB28-30E3A0875343}.Debug|Any CPU.ActiveCfg = Debug|Any CPU
		{14A2BEF6-640F-4E37-BB28-30E3A0875343}.Debug|Any CPU.Build.0 = Debug|Any CPU
		{14A2BEF6-640F-4E37-BB28-30E3A0875343}.Release|Any CPU.ActiveCfg = Release|Any CPU
		{14A2BEF6-640F-4E37-BB28-30E3A0875343}.Release|Any CPU.Build.0 = Release|Any CPU
		{C8A635C5-A607-46CF-ACED-829717F37C4F}.Debug|Any CPU.ActiveCfg = Debug|Any CPU
		{C8A635C5-A607-46CF-ACED-829717F37C4F}.Debug|Any CPU.Build.0 = Debug|Any CPU
		{C8A635C5-A607-46CF-ACED-829717F37C4F}.Release|Any CPU.ActiveCfg = Release|Any CPU
		{C8A635C5-A607-46CF-ACED-829717F37C4F}.Release|Any CPU.Build.0 = Release|Any CPU
		{E1F1A595-3350-4779-9491-6641D7E170A9}.Debug|Any CPU.ActiveCfg = Debug|Any CPU
		{E1F1A595-3350-4779-9491-6641D7E170A9}.Debug|Any CPU.Build.0 = Debug|Any CPU
		{E1F1A595-3350-4779-9491-6641D7E170A9}.Release|Any CPU.ActiveCfg = Release|Any CPU
		{E1F1A595-3350-4779-9491-6641D7E170A9}.Release|Any CPU.Build.0 = Release|Any CPU
		{85441D98-F798-4921-B8A7-BB39F4BB67E4}.Debug|Any CPU.ActiveCfg = Debug|Any CPU
		{85441D98-F798-4921-B8A7-BB39F4BB67E4}.Debug|Any CPU.Build.0 = Debug|Any CPU
		{85441D98-F798-4921-B8A7-BB39F4BB67E4}.Release|Any CPU.ActiveCfg = Release|Any CPU
		{85441D98-F798-4921-B8A7-BB39F4BB67E4}.Release|Any CPU.Build.0 = Release|Any CPU
		{430EDDD5-25F8-48B7-990A-F10016817A1A}.Debug|Any CPU.ActiveCfg = Debug|Any CPU
		{430EDDD5-25F8-48B7-990A-F10016817A1A}.Debug|Any CPU.Build.0 = Debug|Any CPU
		{430EDDD5-25F8-48B7-990A-F10016817A1A}.Release|Any CPU.ActiveCfg = Release|Any CPU
		{430EDDD5-25F8-48B7-990A-F10016817A1A}.Release|Any CPU.Build.0 = Release|Any CPU
	EndGlobalSection
	GlobalSection(SolutionProperties) = preSolution
		HideSolutionNode = FALSE
	EndGlobalSection
	GlobalSection(ExtensibilityGlobals) = postSolution
		SolutionGuid = {FD590837-5056-4B70-8507-FA75BC095189}
	EndGlobalSection
EndGlobal
